# This file is automatically @generated by Cargo.
# It is not intended for manual editing.
version = 4

[[package]]
name = "day02"
version = "0.1.0"
dependencies = [
 "ilog",
]

[[package]]
name = "ilog"
version = "1.0.1"
source = "registry+https://github.com/rust-lang/crates.io-index"
checksum = "a9d6896d5a5d605a3b80da159ccc5a6e1fad346b4d2c1ad51046e22536b9a362"
